// !$*UTF8*$!
{
	archiveVersion = 1;
	classes = {
	};
	objectVersion = 77;
	objects = {

/* Begin PBXContainerItemProxy section */
		7F52E2DA2E6554FA00D6E862 /* PBXContainerItemProxy */ = {
			isa = PBXContainerItemProxy;
			containerPortal = 7F52E2C42E6554F900D6E862 /* Project object */;
			proxyType = 1;
			remoteGlobalIDString = 7F52E2CB2E6554F900D6E862;
			remoteInfo = Lectura;
		};
		7F52E2E42E6554FA00D6E862 /* PBXContainerItemProxy */ = {
			isa = PBXContainerItemProxy;
			containerPortal = 7F52E2C42E6554F900D6E862 /* Project object */;
			proxyType = 1;
			remoteGlobalIDString = 7F52E2CB2E6554F900D6E862;
			remoteInfo = Lectura;
		};
/* End PBXContainerItemProxy section */

/* Begin PBXFileReference section */
		7F52E2CC2E6554F900D6E862 /* Lectura.app */ = {isa = PBXFileReference; explicitFileType = wrapper.application; includeInIndex = 0; path = Lectura.app; sourceTree = BUILT_PRODUCTS_DIR; };
		7F52E2D92E6554FA00D6E862 /* LecturaTests.xctest */ = {isa = PBXFileReference; explicitFileType = wrapper.cfbundle; includeInIndex = 0; path = LecturaTests.xctest; sourceTree = BUILT_PRODUCTS_DIR; };
		7F52E2E32E6554FA00D6E862 /* LecturaUITests.xctest */ = {isa = PBXFileReference; explicitFileType = wrapper.cfbundle; includeInIndex = 0; path = LecturaUITests.xctest; sourceTree = BUILT_PRODUCTS_DIR; };
/* End PBXFileReference section */

/* Begin PBXFileSystemSynchronizedRootGroup section */
		7F52E2CE2E6554F900D6E862 /* Lectura */ = {
			isa = PBXFileSystemSynchronizedRootGroup;
			path = Lectura;
			sourceTree = "<group>";
		};
		7F52E2DC2E6554FA00D6E862 /* LecturaTests */ = {
			isa = PBXFileSystemSynchronizedRootGroup;
			path = LecturaTests;
			sourceTree = "<group>";
		};
		7F52E2E62E6554FA00D6E862 /* LecturaUITests */ = {
			isa = PBXFileSystemSynchronizedRootGroup;
			path = LecturaUITests;
			sourceTree = "<group>";
		};
/* End PBXFileSystemSynchronizedRootGroup section */

/* Begin PBXFrameworksBuildPhase section */
		7F52E2C92E6554F900D6E862 /* Frameworks */ = {
			isa = PBXFrameworksBuildPhase;
			buildActionMask = 2147483647;
			files = (
			);
			runOnlyForDeploymentPostprocessing = 0;
		};
		7F52E2D62E6554FA00D6E862 /* Frameworks */ = {
			isa = PBXFrameworksBuildPhase;
			buildActionMask = 2147483647;
			files = (
			);
			runOnlyForDeploymentPostprocessing = 0;
		};
		7F52E2E02E6554FA00D6E862 /* Frameworks */ = {
			isa = PBXFrameworksBuildPhase;
			buildActionMask = 2147483647;
			files = (
			);
			runOnlyForDeploymentPostprocessing = 0;
		};
/* End PBXFrameworksBuildPhase section */

/* Begin PBXGroup section */
		7F52E2C32E6554F900D6E862 = {
			isa = PBXGroup;
			children = (
				7F52E2CE2E6554F900D6E862 /* Lectura */,
				7F52E2DC2E6554FA00D6E862 /* LecturaTests */,
				7F52E2E62E6554FA00D6E862 /* LecturaUITests */,
				7F52E2CD2E6554F900D6E862 /* Products */,
			);
			sourceTree = "<group>";
		};
		7F52E2CD2E6554F900D6E862 /* Products */ = {
			isa = PBXGroup;
			children = (
				7F52E2CC2E6554F900D6E862 /* Lectura.app */,
				7F52E2D92E6554FA00D6E862 /* LecturaTests.xctest */,
				7F52E2E32E6554FA00D6E862 /* LecturaUITests.xctest */,
			);
			name = Products;
			sourceTree = "<group>";
		};
/* End PBXGroup section */

/* Begin PBXNativeTarget section */
		7F52E2CB2E6554F900D6E862 /* Lectura */ = {
			isa = PBXNativeTarget;
			buildConfigurationList = 7F52E2ED2E6554FA00D6E862 /* Build configuration list for PBXNativeTarget "Lectura" */;
			buildPhases = (
				7F52E2C82E6554F900D6E862 /* Sources */,
				7F52E2C92E6554F900D6E862 /* Frameworks */,
				7F52E2CA2E6554F900D6E862 /* Resources */,
			);
			buildRules = (
			);
			dependencies = (
			);
			fileSystemSynchronizedGroups = (
				7F52E2CE2E6554F900D6E862 /* Lectura */,
			);
			name = Lectura;
			packageProductDependencies = (
			);
			productName = Lectura;
			productReference = 7F52E2CC2E6554F900D6E862 /* Lectura.app */;
			productType = "com.apple.product-type.application";
		};
		7F52E2D82E6554FA00D6E862 /* LecturaTests */ = {
			isa = PBXNativeTarget;
			buildConfigurationList = 7F52E2F02E6554FA00D6E862 /* Build configuration list for PBXNativeTarget "LecturaTests" */;
			buildPhases = (
				7F52E2D52E6554FA00D6E862 /* Sources */,
				7F52E2D62E6554FA00D6E862 /* Frameworks */,
				7F52E2D72E6554FA00D6E862 /* Resources */,
			);
			buildRules = (
			);
			dependencies = (
				7F52E2DB2E6554FA00D6E862 /* PBXTargetDependency */,
			);
			fileSystemSynchronizedGroups = (
				7F52E2DC2E6554FA00D6E862 /* LecturaTests */,
			);
			name = LecturaTests;
			packageProductDependencies = (
			);
			productName = LecturaTests;
			productReference = 7F52E2D92E6554FA00D6E862 /* LecturaTests.xctest */;
			productType = "com.apple.product-type.bundle.unit-test";
		};
		7F52E2E22E6554FA00D6E862 /* LecturaUITests */ = {
			isa = PBXNativeTarget;
			buildConfigurationList = 7F52E2F32E6554FA00D6E862 /* Build configuration list for PBXNativeTarget "LecturaUITests" */;
			buildPhases = (
				7F52E2DF2E6554FA00D6E862 /* Sources */,
				7F52E2E02E6554FA00D6E862 /* Frameworks */,
				7F52E2E12E6554FA00D6E862 /* Resources */,
			);
			buildRules = (
			);
			dependencies = (
				7F52E2E52E6554FA00D6E862 /* PBXTargetDependency */,
			);
			fileSystemSynchronizedGroups = (
				7F52E2E62E6554FA00D6E862 /* LecturaUITests */,
			);
			name = LecturaUITests;
			packageProductDependencies = (
			);
			productName = LecturaUITests;
			productReference = 7F52E2E32E6554FA00D6E862 /* LecturaUITests.xctest */;
			productType = "com.apple.product-type.bundle.ui-testing";
		};
/* End PBXNativeTarget section */

/* Begin PBXProject section */
		7F52E2C42E6554F900D6E862 /* Project object */ = {
			isa = PBXProject;
			attributes = {
				BuildIndependentTargetsInParallel = 1;
				LastSwiftUpdateCheck = 1640;
				LastUpgradeCheck = 1640;
				TargetAttributes = {
					7F52E2CB2E6554F900D6E862 = {
						CreatedOnToolsVersion = 16.4;
					};
					7F52E2D82E6554FA00D6E862 = {
						CreatedOnToolsVersion = 16.4;
						TestTargetID = 7F52E2CB2E6554F900D6E862;
					};
					7F52E2E22E6554FA00D6E862 = {
						CreatedOnToolsVersion = 16.4;
						TestTargetID = 7F52E2CB2E6554F900D6E862;
					};
				};
			};
			buildConfigurationList = 7F52E2C72E6554F900D6E862 /* Build configuration list for PBXProject "Lectura" */;
			developmentRegion = en;
			hasScannedForEncodings = 0;
			knownRegions = (
				en,
				Base,
			);
			mainGroup = 7F52E2C32E6554F900D6E862;
			minimizedProjectReferenceProxies = 1;
			preferredProjectObjectVersion = 77;
			productRefGroup = 7F52E2CD2E6554F900D6E862 /* Products */;
			projectDirPath = "";
			projectRoot = "";
			targets = (
				7F52E2CB2E6554F900D6E862 /* Lectura */,
				7F52E2D82E6554FA00D6E862 /* LecturaTests */,
				7F52E2E22E6554FA00D6E862 /* LecturaUITests */,
			);
		};
/* End PBXProject section */

/* Begin PBXResourcesBuildPhase section */
		7F52E2CA2E6554F900D6E862 /* Resources */ = {
			isa = PBXResourcesBuildPhase;
			buildActionMask = 2147483647;
			files = (
			);
			runOnlyForDeploymentPostprocessing = 0;
		};
		7F52E2D72E6554FA00D6E862 /* Resources */ = {
			isa = PBXResourcesBuildPhase;
			buildActionMask = 2147483647;
			files = (
			);
			runOnlyForDeploymentPostprocessing = 0;
		};
		7F52E2E12E6554FA00D6E862 /* Resources */ = {
			isa = PBXResourcesBuildPhase;
			buildActionMask = 2147483647;
			files = (
			);
			runOnlyForDeploymentPostprocessing = 0;
		};
/* End PBXResourcesBuildPhase section */

/* Begin PBXSourcesBuildPhase section */
		7F52E2C82E6554F900D6E862 /* Sources */ = {
			isa = PBXSourcesBuildPhase;
			buildActionMask = 2147483647;
			files = (
			);
			runOnlyForDeploymentPostprocessing = 0;
		};
		7F52E2D52E6554FA00D6E862 /* Sources */ = {
			isa = PBXSourcesBuildPhase;
			buildActionMask = 2147483647;
			files = (
			);
			runOnlyForDeploymentPostprocessing = 0;
		};
		7F52E2DF2E6554FA00D6E862 /* Sources */ = {
			isa = PBXSourcesBuildPhase;
			buildActionMask = 2147483647;
			files = (
			);
			runOnlyForDeploymentPostprocessing = 0;
		};
/* End PBXSourcesBuildPhase section */

/* Begin PBXTargetDependency section */
		7F52E2DB2E6554FA00D6E862 /* PBXTargetDependency */ = {
			isa = PBXTargetDependency;
			target = 7F52E2CB2E6554F900D6E862 /* Lectura */;
			targetProxy = 7F52E2DA2E6554FA00D6E862 /* PBXContainerItemProxy */;
		};
		7F52E2E52E6554FA00D6E862 /* PBXTargetDependency */ = {
			isa = PBXTargetDependency;
			target = 7F52E2CB2E6554F900D6E862 /* Lectura */;
			targetProxy = 7F52E2E42E6554FA00D6E862 /* PBXContainerItemProxy */;
		};
/* End PBXTargetDependency section */

/* Begin XCBuildConfiguration section */
		7F52E2EB2E6554FA00D6E862 /* Debug */ = {
			isa = XCBuildConfiguration;
			buildSettings = {
				ALWAYS_SEARCH_USER_PATHS = NO;
				ASSETCATALOG_COMPILER_GENERATE_SWIFT_ASSET_SYMBOL_EXTENSIONS = YES;
				CLANG_ANALYZER_NONNULL = YES;
				CLANG_ANALYZER_NUMBER_OBJECT_CONVERSION = YES_AGGRESSIVE;
				CLANG_CXX_LANGUAGE_STANDARD = "gnu++20";
				CLANG_ENABLE_MODULES = YES;
				CLANG_ENABLE_OBJC_ARC = YES;
				CLANG_ENABLE_OBJC_WEAK = YES;
				CLANG_WARN_BLOCK_CAPTURE_AUTORELEASING = YES;
				CLANG_WARN_BOOL_CONVERSION = YES;
				CLANG_WARN_COMMA = YES;
				CLANG_WARN_CONSTANT_CONVERSION = YES;
				CLANG_WARN_DEPRECATED_OBJC_IMPLEMENTATIONS = YES;
				CLANG_WARN_DIRECT_OBJC_ISA_USAGE = YES_ERROR;
				CLANG_WARN_DOCUMENTATION_COMMENTS = YES;
				CLANG_WARN_EMPTY_BODY = YES;
				CLANG_WARN_ENUM_CONVERSION = YES;
				CLANG_WARN_INFINITE_RECURSION = YES;
				CLANG_WARN_INT_CONVERSION = YES;
				CLANG_WARN_NON_LITERAL_NULL_CONVERSION = YES;
				CLANG_WARN_OBJC_IMPLICIT_RETAIN_SELF = YES;
				CLANG_WARN_OBJC_LITERAL_CONVERSION = YES;
				CLANG_WARN_OBJC_ROOT_CLASS = YES_ERROR;
				CLANG_WARN_QUOTED_INCLUDE_IN_FRAMEWORK_HEADER = YES;
				CLANG_WARN_RANGE_LOOP_ANALYSIS = YES;
				CLANG_WARN_STRICT_PROTOTYPES = YES;
				CLANG_WARN_SUSPICIOUS_MOVE = YES;
				CLANG_WARN_UNGUARDED_AVAILABILITY = YES_AGGRESSIVE;
				CLANG_WARN_UNREACHABLE_CODE = YES;
				CLANG_WARN__DUPLICATE_METHOD_MATCH = YES;
				COPY_PHASE_STRIP = NO;
				DEBUG_INFORMATION_FORMAT = dwarf;
				DEVELOPMENT_TEAM = NBYLN7HA9W;
				ENABLE_STRICT_OBJC_MSGSEND = YES;
				ENABLE_TESTABILITY = YES;
				ENABLE_USER_SCRIPT_SANDBOXING = YES;
				GCC_C_LANGUAGE_STANDARD = gnu17;
				GCC_DYNAMIC_NO_PIC = NO;
				GCC_NO_COMMON_BLOCKS = YES;
				GCC_OPTIMIZATION_LEVEL = 0;
				GCC_PREPROCESSOR_DEFINITIONS = (
					"DEBUG=1",
					"$(inherited)",
				);
				GCC_WARN_64_TO_32_BIT_CONVERSION = YES;
				GCC_WARN_ABOUT_RETURN_TYPE = YES_ERROR;
				GCC_WARN_UNDECLARED_SELECTOR = YES;
				GCC_WARN_UNINITIALIZED_AUTOS = YES_AGGRESSIVE;
				GCC_WARN_UNUSED_FUNCTION = YES;
				GCC_WARN_UNUSED_VARIABLE = YES;
				IPHONEOS_DEPLOYMENT_TARGET = 18.5;
				LOCALIZATION_PREFERS_STRING_CATALOGS = YES;
				MTL_ENABLE_DEBUG_INFO = INCLUDE_SOURCE;
				MTL_FAST_MATH = YES;
				ONLY_ACTIVE_ARCH = YES;
				SDKROOT = iphoneos;
				SWIFT_ACTIVE_COMPILATION_CONDITIONS = "DEBUG $(inherited)";
				SWIFT_OPTIMIZATION_LEVEL = "-Onone";
			};
			name = Debug;
		};
		7F52E2EC2E6554FA00D6E862 /* Release */ = {
			isa = XCBuildConfiguration;
			buildSettings = {
				ALWAYS_SEARCH_USER_PATHS = NO;
				ASSETCATALOG_COMPILER_GENERATE_SWIFT_ASSET_SYMBOL_EXTENSIONS = YES;
				CLANG_ANALYZER_NONNULL = YES;
				CLANG_ANALYZER_NUMBER_OBJECT_CONVERSION = YES_AGGRESSIVE;
				CLANG_CXX_LANGUAGE_STANDARD = "gnu++20";
				CLANG_ENABLE_MODULES = YES;
				CLANG_ENABLE_OBJC_ARC = YES;
				CLANG_ENABLE_OBJC_WEAK = YES;
				CLANG_WARN_BLOCK_CAPTURE_AUTORELEASING = YES;
				CLANG_WARN_BOOL_CONVERSION = YES;
				CLANG_WARN_COMMA = YES;
				CLANG_WARN_CONSTANT_CONVERSION = YES;
				CLANG_WARN_DEPRECATED_OBJC_IMPLEMENTATIONS = YES;
				CLANG_WARN_DIRECT_OBJC_ISA_USAGE = YES_ERROR;
				CLANG_WARN_DOCUMENTATION_COMMENTS = YES;
				CLANG_WARN_EMPTY_BODY = YES;
				CLANG_WARN_ENUM_CONVERSION = YES;
				CLANG_WARN_INFINITE_RECURSION = YES;
				CLANG_WARN_INT_CONVERSION = YES;
				CLANG_WARN_NON_LITERAL_NULL_CONVERSION = YES;
				CLANG_WARN_OBJC_IMPLICIT_RETAIN_SELF = YES;
				CLANG_WARN_OBJC_LITERAL_CONVERSION = YES;
				CLANG_WARN_OBJC_ROOT_CLASS = YES_ERROR;
				CLANG_WARN_QUOTED_INCLUDE_IN_FRAMEWORK_HEADER = YES;
				CLANG_WARN_RANGE_LOOP_ANALYSIS = YES;
				CLANG_WARN_STRICT_PROTOTYPES = YES;
				CLANG_WARN_SUSPICIOUS_MOVE = YES;
				CLANG_WARN_UNGUARDED_AVAILABILITY = YES_AGGRESSIVE;
				CLANG_WARN_UNREACHABLE_CODE = YES;
				CLANG_WARN__DUPLICATE_METHOD_MATCH = YES;
				COPY_PHASE_STRIP = NO;
				DEBUG_INFORMATION_FORMAT = "dwarf-with-dsym";
				DEVELOPMENT_TEAM = NBYLN7HA9W;
				ENABLE_NS_ASSERTIONS = NO;
				ENABLE_STRICT_OBJC_MSGSEND = YES;
				ENABLE_USER_SCRIPT_SANDBOXING = YES;
				GCC_C_LANGUAGE_STANDARD = gnu17;
				GCC_NO_COMMON_BLOCKS = YES;
				GCC_WARN_64_TO_32_BIT_CONVERSION = YES;
				GCC_WARN_ABOUT_RETURN_TYPE = YES_ERROR;
				GCC_WARN_UNDECLARED_SELECTOR = YES;
				GCC_WARN_UNINITIALIZED_AUTOS = YES_AGGRESSIVE;
				GCC_WARN_UNUSED_FUNCTION = YES;
				GCC_WARN_UNUSED_VARIABLE = YES;
				IPHONEOS_DEPLOYMENT_TARGET = 18.5;
				LOCALIZATION_PREFERS_STRING_CATALOGS = YES;
				MTL_ENABLE_DEBUG_INFO = NO;
				MTL_FAST_MATH = YES;
				SDKROOT = iphoneos;
				SWIFT_COMPILATION_MODE = wholemodule;
				VALIDATE_PRODUCT = YES;
			};
			name = Release;
		};
		7F52E2EE2E6554FA00D6E862 /* Debug */ = {
			isa = XCBuildConfiguration;
			buildSettings = {
				ASSETCATALOG_COMPILER_APPICON_NAME = AppIcon;
				ASSETCATALOG_COMPILER_GLOBAL_ACCENT_COLOR_NAME = AccentColor;
				CODE_SIGN_STYLE = Automatic;
				CURRENT_PROJECT_VERSION = 1;
				DEVELOPMENT_TEAM = NBYLN7HA9W;
				ENABLE_PREVIEWS = YES;
				GENERATE_INFOPLIST_FILE = YES;
				INFOPLIST_KEY_UIApplicationSceneManifest_Generation = YES;
				INFOPLIST_KEY_UIApplicationSupportsIndirectInputEvents = YES;
				INFOPLIST_KEY_UILaunchScreen_Generation = YES;
				INFOPLIST_KEY_UISupportedInterfaceOrientations_iPad = "UIInterfaceOrientationPortrait UIInterfaceOrientationPortraitUpsideDown UIInterfaceOrientationLandscapeLeft UIInterfaceOrientationLandscapeRight";
				INFOPLIST_KEY_UISupportedInterfaceOrientations_iPhone = "UIInterfaceOrientationPortrait UIInterfaceOrientationLandscapeLeft UIInterfaceOrientationLandscapeRight";
				LD_RUNPATH_SEARCH_PATHS = (
					"$(inherited)",
					"@executable_path/Frameworks",
				);
				MARKETING_VERSION = 1.0;
				PRODUCT_BUNDLE_IDENTIFIER = com.Lectura.Lectura.Lectura;
				PRODUCT_NAME = "$(TARGET_NAME)";
				SWIFT_EMIT_LOC_STRINGS = YES;
				SWIFT_VERSION = 5.0;
				TARGETED_DEVICE_FAMILY = "1,2";
			};
			name = Debug;
		};
		7F52E2EF2E6554FA00D6E862 /* Release */ = {
			isa = XCBuildConfiguration;
			buildSettings = {
				ASSETCATALOG_COMPILER_APPICON_NAME = AppIcon;
				ASSETCATALOG_COMPILER_GLOBAL_ACCENT_COLOR_NAME = AccentColor;
				CODE_SIGN_STYLE = Automatic;
				CURRENT_PROJECT_VERSION = 1;
				DEVELOPMENT_TEAM = NBYLN7HA9W;
				ENABLE_PREVIEWS = YES;
				GENERATE_INFOPLIST_FILE = YES;
				INFOPLIST_KEY_UIApplicationSceneManifest_Generation = YES;
				INFOPLIST_KEY_UIApplicationSupportsIndirectInputEvents = YES;
				INFOPLIST_KEY_UILaunchScreen_Generation = YES;
				INFOPLIST_KEY_UISupportedInterfaceOrientations_iPad = "UIInterfaceOrientationPortrait UIInterfaceOrientationPortraitUpsideDown UIInterfaceOrientationLandscapeLeft UIInterfaceOrientationLandscapeRight";
				INFOPLIST_KEY_UISupportedInterfaceOrientations_iPhone = "UIInterfaceOrientationPortrait UIInterfaceOrientationLandscapeLeft UIInterfaceOrientationLandscapeRight";
				LD_RUNPATH_SEARCH_PATHS = (
					"$(inherited)",
					"@executable_path/Frameworks",
				);
				MARKETING_VERSION = 1.0;
				PRODUCT_BUNDLE_IDENTIFIER = com.Lectura.Lectura.Lectura;
				PRODUCT_NAME = "$(TARGET_NAME)";
				SWIFT_EMIT_LOC_STRINGS = YES;
				SWIFT_VERSION = 5.0;
				TARGETED_DEVICE_FAMILY = "1,2";
			};
			name = Release;
		};
		7F52E2F12E6554FA00D6E862 /* Debug */ = {
			isa = XCBuildConfiguration;
			buildSettings = {
				BUNDLE_LOADER = "$(TEST_HOST)";
				CODE_SIGN_STYLE = Automatic;
				CURRENT_PROJECT_VERSION = 1;
				DEVELOPMENT_TEAM = NBYLN7HA9W;
				GENERATE_INFOPLIST_FILE = YES;
				IPHONEOS_DEPLOYMENT_TARGET = 18.5;
				MARKETING_VERSION = 1.0;
				PRODUCT_BUNDLE_IDENTIFIER = com.Lectura.Lectura.LecturaTests;
				PRODUCT_NAME = "$(TARGET_NAME)";
				SWIFT_EMIT_LOC_STRINGS = NO;
				SWIFT_VERSION = 5.0;
				TARGETED_DEVICE_FAMILY = "1,2";
				TEST_HOST = "$(BUILT_PRODUCTS_DIR)/Lectura.app/$(BUNDLE_EXECUTABLE_FOLDER_PATH)/Lectura";
			};
			name = Debug;
		};
		7F52E2F22E6554FA00D6E862 /* Release */ = {
			isa = XCBuildConfiguration;
			buildSettings = {
				BUNDLE_LOADER = "$(TEST_HOST)";
				CODE_SIGN_STYLE = Automatic;
				CURRENT_PROJECT_VERSION = 1;
				DEVELOPMENT_TEAM = NBYLN7HA9W;
				GENERATE_INFOPLIST_FILE = YES;
				IPHONEOS_DEPLOYMENT_TARGET = 18.5;
				MARKETING_VERSION = 1.0;
				PRODUCT_BUNDLE_IDENTIFIER = com.Lectura.Lectura.LecturaTests;
				PRODUCT_NAME = "$(TARGET_NAME)";
				SWIFT_EMIT_LOC_STRINGS = NO;
				SWIFT_VERSION = 5.0;
				TARGETED_DEVICE_FAMILY = "1,2";
				TEST_HOST = "$(BUILT_PRODUCTS_DIR)/Lectura.app/$(BUNDLE_EXECUTABLE_FOLDER_PATH)/Lectura";
			};
			name = Release;
		};
		7F52E2F42E6554FA00D6E862 /* Debug */ = {
			isa = XCBuildConfiguration;
			buildSettings = {
				CODE_SIGN_STYLE = Automatic;
				CURRENT_PROJECT_VERSION = 1;
				DEVELOPMENT_TEAM = NBYLN7HA9W;
				GENERATE_INFOPLIST_FILE = YES;
				MARKETING_VERSION = 1.0;
				PRODUCT_BUNDLE_IDENTIFIER = com.Lectura.Lectura.LecturaUITests;
				PRODUCT_NAME = "$(TARGET_NAME)";
				SWIFT_EMIT_LOC_STRINGS = NO;
				SWIFT_VERSION = 5.0;
				TARGETED_DEVICE_FAMILY = "1,2";
				TEST_TARGET_NAME = Lectura;
			};
			name = Debug;
		};
		7F52E2F52E6554FA00D6E862 /* Release */ = {
			isa = XCBuildConfiguration;
			buildSettings = {
				CODE_SIGN_STYLE = Automatic;
				CURRENT_PROJECT_VERSION = 1;
				DEVELOPMENT_TEAM = NBYLN7HA9W;
				GENERATE_INFOPLIST_FILE = YES;
				MARKETING_VERSION = 1.0;
				PRODUCT_BUNDLE_IDENTIFIER = com.Lectura.Lectura.LecturaUITests;
				PRODUCT_NAME = "$(TARGET_NAME)";
				SWIFT_EMIT_LOC_STRINGS = NO;
				SWIFT_VERSION = 5.0;
				TARGETED_DEVICE_FAMILY = "1,2";
				TEST_TARGET_NAME = Lectura;
			};
			name = Release;
		};
/* End XCBuildConfiguration section */

/* Begin XCConfigurationList section */
		7F52E2C72E6554F900D6E862 /* Build configuration list for PBXProject "Lectura" */ = {
			isa = XCConfigurationList;
			buildConfigurations = (
				7F52E2EB2E6554FA00D6E862 /* Debug */,
				7F52E2EC2E6554FA00D6E862 /* Release */,
			);
			defaultConfigurationIsVisible = 0;
			defaultConfigurationName = Release;
		};
		7F52E2ED2E6554FA00D6E862 /* Build configuration list for PBXNativeTarget "Lectura" */ = {
			isa = XCConfigurationList;
			buildConfigurations = (
				7F52E2EE2E6554FA00D6E862 /* Debug */,
				7F52E2EF2E6554FA00D6E862 /* Release */,
			);
			defaultConfigurationIsVisible = 0;
			defaultConfigurationName = Release;
		};
		7F52E2F02E6554FA00D6E862 /* Build configuration list for PBXNativeTarget "LecturaTests" */ = {
			isa = XCConfigurationList;
			buildConfigurations = (
				7F52E2F12E6554FA00D6E862 /* Debug */,
				7F52E2F22E6554FA00D6E862 /* Release */,
			);
			defaultConfigurationIsVisible = 0;
			defaultConfigurationName = Release;
		};
		7F52E2F32E6554FA00D6E862 /* Build configuration list for PBXNativeTarget "LecturaUITests" */ = {
			isa = XCConfigurationList;
			buildConfigurations = (
				7F52E2F42E6554FA00D6E862 /* Debug */,
				7F52E2F52E6554FA00D6E862 /* Release */,
			);
			defaultConfigurationIsVisible = 0;
			defaultConfigurationName = Release;
		};
/* End XCConfigurationList section */
	};
	rootObject = 7F52E2C42E6554F900D6E862 /* Project object */;
}
